
Microsoft Visual Studio Solution File, Format Version 12.00
# Visual Studio Version 16
VisualStudioVersion = 16.0.31829.152
MinimumVisualStudioVersion = 10.0.40219.1
Project("{FAE04EC0-301F-11D3-BF4B-00C04F79EFBC}") = "Lab1WpfApp1_Labovkin", "Lab1WpfApp1_Labovkin\Lab1WpfApp1_Labovkin.csproj", "{C6D9FC47-296B-4DFC-86DF-660F5CED94A7}"
EndProject
Global
	GlobalSection(SolutionConfigurationPlatforms) = preSolution
		Debug|Any CPU = Debug|Any CPU
		Release|Any CPU = Release|Any CPU
	EndGlobalSection
	GlobalSection(ProjectConfigurationPlatforms) = postSolution
		{C6D9FC47-296B-4DFC-86DF-660F5CED94A7}.Debug|Any CPU.ActiveCfg = Debug|Any CPU
		{C6D9FC47-296B-4DFC-86DF-660F5CED94A7}.Debug|Any CPU.Build.0 = Debug|Any CPU
		{C6D9FC47-296B-4DFC-86DF-660F5CED94A7}.Release|Any CPU.ActiveCfg = Release|Any CPU
		{C6D9FC47-296B-4DFC-86DF-660F5CED94A7}.Release|Any CPU.Build.0 = Release|Any CPU
	EndGlobalSection
	GlobalSection(SolutionProperties) = preSolution
		HideSolutionNode = FALSE
	EndGlobalSection
	GlobalSection(ExtensibilityGlobals) = postSolution
		SolutionGuid = {E2F33C10-7E21-42CC-B2B1-F969B62B0107}
	EndGlobalSection
EndGlobal
